<?xml version="1.0" encoding="utf-8"?>
<Project ToolsVersion="4.0" xmlns="http://schemas.microsoft.com/developer/msbuild/2003">
  <ItemGroup>
    <Filter Include="Source Files">
      <UniqueIdentifier>{4FC737F1-C7A5-4376-A066-2A32D752A2FF}</UniqueIdentifier>
      <Extensions>cpp;c;cc;cxx;def;odl;idl;hpj;bat;asm;asmx</Extensions>
    </Filter>
    <Filter Include="Header Files">
      <UniqueIdentifier>{93995380-89BD-4b04-88EB-625FBE52EBFB}</UniqueIdentifier>
      <Extensions>h;hpp;hxx;hm;inl;inc;xsd</Extensions>
    </Filter>
    <Filter Include="Resource Files">
      <UniqueIdentifier>{67DA6AB6-F800-4c08-8B7A-83BB121AAD01}</UniqueIdentifier>
      <Extensions>rc;ico;cur;bmp;dlg;rc2;rct;bin;rgs;gif;jpg;jpeg;jpe;resx;tiff;tif;png;wav</Extensions>
    </Filter>
    <Filter Include="HookedMethods">
      <UniqueIdentifier>{cf078cd9-dce6-4c25-8dab-94cd799c91e6}</UniqueIdentifier>
    </Filter>
    <Filter Include="HookedMethods\PositionTrackers">
      <UniqueIdentifier>{f594c772-64a8-4d22-86da-4d9fc4f201dd}</UniqueIdentifier>
    </Filter>
    <Filter Include="HookedMethods\MovementRestrictions">
      <UniqueIdentifier>{ba6698d9-338b-40c5-9cd3-24f2fc03253b}</UniqueIdentifier>
    </Filter>
    <Filter Include="HookedMethods\GameState">
      <UniqueIdentifier>{a36d8d98-dce9-4dd7-9a51-0375a40e5992}</UniqueIdentifier>
    </Filter>
  </ItemGroup>
  <ItemGroup>
    <ClCompile Include="..\DataQueue.cpp">
      <Filter>Source Files</Filter>
    </ClCompile>
    <ClCompile Include="..\dllmain.cpp">
      <Filter>Source Files</Filter>
    </ClCompile>
    <ClCompile Include="..\stdafx.cpp">
      <Filter>Source Files</Filter>
    </ClCompile>
    <ClCompile Include="..\HookLog.cpp">
      <Filter>Source Files</Filter>
    </ClCompile>
    <ClCompile Include="..\BaseMethodHook.cpp">
      <Filter>HookedMethods</Filter>
    </ClCompile>
    <ClCompile Include="..\Globals.cpp">
      <Filter>HookedMethods</Filter>
    </ClCompile>
    <ClCompile Include="..\LogHooker.cpp">
      <Filter>HookedMethods</Filter>
    </ClCompile>
    <ClCompile Include="..\ControllerPlayerStateMoveToRequestNpcAction.cpp">
      <Filter>HookedMethods\PositionTrackers</Filter>
    </ClCompile>
    <ClCompile Include="..\ControllerPlayerStateIdleRequestInteractableAction.cpp">
      <Filter>HookedMethods\PositionTrackers</Filter>
    </ClCompile>
    <ClCompile Include="..\ControllerPlayerStateIdleRequestNpcAction.cpp">
      <Filter>HookedMethods\PositionTrackers</Filter>
    </ClCompile>
    <ClCompile Include="..\ControllerPlayerStateMoveToRequestMoveAction.cpp">
      <Filter>HookedMethods\PositionTrackers</Filter>
    </ClCompile>
    <ClCompile Include="..\HookWalkTo.cpp">
      <Filter>HookedMethods\PositionTrackers</Filter>
    </ClCompile>
    <ClCompile Include="..\DetectPlayerId.cpp">
      <Filter>HookedMethods</Filter>
    </ClCompile>
    <ClCompile Include="..\ControllerPlayerStateStunned.cpp">
      <Filter>HookedMethods\MovementRestrictions</Filter>
    </ClCompile>
    <ClCompile Include="..\ControllerPlayerStateTrapped.cpp">
      <Filter>HookedMethods\MovementRestrictions</Filter>
    </ClCompile>
    <ClCompile Include="..\DisableMovement.cpp">
      <Filter>HookedMethods\MovementRestrictions</Filter>
    </ClCompile>
    <ClCompile Include="..\IncrementDeaths.cpp">
      <Filter>HookedMethods\GameState</Filter>
    </ClCompile>
    <ClCompile Include="..\PauseGameTime.cpp">
      <Filter>HookedMethods\GameState</Filter>
    </ClCompile>
    <ClCompile Include="..\UnpauseGameTime.cpp">
      <Filter>HookedMethods\GameState</Filter>
    </ClCompile>
    <ClCompile Include="..\SetLifeState.cpp">
      <Filter>HookedMethods\GameState</Filter>
    </ClCompile>
    <ClCompile Include="..\HitpointMonitor.cpp">
      <Filter>HookedMethods</Filter>
    </ClCompile>
  </ItemGroup>
  <ItemGroup>
    <ClInclude Include="..\DataQueue.h">
      <Filter>Header Files</Filter>
    </ClInclude>
    <ClInclude Include="..\dllmain.h">
      <Filter>Header Files</Filter>
    </ClInclude>
    <ClInclude Include="..\stdafx.h">
      <Filter>Header Files</Filter>
    </ClInclude>
    <ClInclude Include="..\HookLog.h">
      <Filter>Header Files</Filter>
    </ClInclude>
    <ClInclude Include="..\BaseMethodHook.h">
      <Filter>HookedMethods</Filter>
    </ClInclude>
    <ClInclude Include="..\Globals.h">
      <Filter>HookedMethods</Filter>
    </ClInclude>
    <ClInclude Include="resource.h">
      <Filter>Header Files</Filter>
    </ClInclude>
    <ClInclude Include="..\LogHooker.h">
      <Filter>HookedMethods</Filter>
    </ClInclude>
    <ClInclude Include="..\ControllerPlayerStateMoveToRequestNpcAction.h">
      <Filter>HookedMethods\PositionTrackers</Filter>
    </ClInclude>
    <ClInclude Include="..\ControllerPlayerStateIdleRequestInteractableAction.h">
      <Filter>HookedMethods\PositionTrackers</Filter>
    </ClInclude>
    <ClInclude Include="..\ControllerPlayerStateIdleRequestNpcAction.h">
      <Filter>HookedMethods\PositionTrackers</Filter>
    </ClInclude>
    <ClInclude Include="..\ControllerPlayerStateMoveToRequestMoveAction.h">
      <Filter>HookedMethods\PositionTrackers</Filter>
    </ClInclude>
    <ClInclude Include="..\HookWalkTo.h">
      <Filter>HookedMethods\PositionTrackers</Filter>
    </ClInclude>
    <ClInclude Include="..\DetectPlayerId.h">
      <Filter>HookedMethods</Filter>
    </ClInclude>
    <ClInclude Include="..\ControllerPlayerStateStunned.h">
      <Filter>HookedMethods\MovementRestrictions</Filter>
    </ClInclude>
    <ClInclude Include="..\ControllerPlayerStateTrapped.h">
      <Filter>HookedMethods\MovementRestrictions</Filter>
    </ClInclude>
    <ClInclude Include="..\DisableMovement.h">
      <Filter>HookedMethods\MovementRestrictions</Filter>
    </ClInclude>
    <ClInclude Include="..\IncrementDeaths.h">
      <Filter>HookedMethods\GameState</Filter>
    </ClInclude>
    <ClInclude Include="..\PauseGameTime.h">
      <Filter>HookedMethods\GameState</Filter>
    </ClInclude>
    <ClInclude Include="..\UnpauseGameTime.h">
      <Filter>HookedMethods\GameState</Filter>
    </ClInclude>
    <ClInclude Include="..\SetLifeState.h">
      <Filter>HookedMethods\GameState</Filter>
    </ClInclude>
    <ClInclude Include="..\HitpointMonitor.h">
      <Filter>HookedMethods</Filter>
    </ClInclude>
  </ItemGroup>
  <ItemGroup>
    <ResourceCompile Include="Custom.rc">
      <Filter>Resource Files</Filter>
    </ResourceCompile>
  </ItemGroup>
</Project>