
Microsoft Visual Studio Solution File, Format Version 12.00
# Visual Studio 14
VisualStudioVersion = 14.0.25420.1
MinimumVisualStudioVersion = 10.0.40219.1
Project("{FAE04EC0-301F-11D3-BF4B-00C04F79EFBC}") = "GrimDamage", "GrimDamage\GrimDamage.csproj", "{5A15361C-AAFE-46CF-81F1-B55A8A485980}"
EndProject
Project("{FAE04EC0-301F-11D3-BF4B-00C04F79EFBC}") = "DllInjector", "DllInjector\DllInjector.csproj", "{2D6C0DC0-2FD0-4C18-9104-4F4689169D88}"
EndProject
Project("{FAE04EC0-301F-11D3-BF4B-00C04F79EFBC}") = "UnitTests", "UnitTests\UnitTests.csproj", "{E911CC6C-8979-4A0C-AADE-3737AB93DDDE}"
EndProject
Project("{FAE04EC0-301F-11D3-BF4B-00C04F79EFBC}") = "EvilsoftCommons", "EvilsoftCommons\EvilsoftCommons.csproj", "{746523AB-F98D-4AC1-A8BB-468CAEB21F74}"
EndProject
Global
	GlobalSection(SolutionConfigurationPlatforms) = preSolution
		Debug|Any CPU = Debug|Any CPU
		Debug|ARM = Debug|ARM
		Debug|x64 = Debug|x64
		Debug|x86 = Debug|x86
		Release|Any CPU = Release|Any CPU
		Release|ARM = Release|ARM
		Release|x64 = Release|x64
		Release|x86 = Release|x86
	EndGlobalSection
	GlobalSection(ProjectConfigurationPlatforms) = postSolution
		{5A15361C-AAFE-46CF-81F1-B55A8A485980}.Debug|Any CPU.ActiveCfg = Debug|x86
		{5A15361C-AAFE-46CF-81F1-B55A8A485980}.Debug|ARM.ActiveCfg = Debug|x86
		{5A15361C-AAFE-46CF-81F1-B55A8A485980}.Debug|x64.ActiveCfg = Debug|x86
		{5A15361C-AAFE-46CF-81F1-B55A8A485980}.Debug|x86.ActiveCfg = Debug|x86
		{5A15361C-AAFE-46CF-81F1-B55A8A485980}.Debug|x86.Build.0 = Debug|x86
		{5A15361C-AAFE-46CF-81F1-B55A8A485980}.Release|Any CPU.ActiveCfg = Release|x86
		{5A15361C-AAFE-46CF-81F1-B55A8A485980}.Release|ARM.ActiveCfg = Release|x86
		{5A15361C-AAFE-46CF-81F1-B55A8A485980}.Release|x64.ActiveCfg = Release|x86
		{5A15361C-AAFE-46CF-81F1-B55A8A485980}.Release|x86.ActiveCfg = Release|x86
		{5A15361C-AAFE-46CF-81F1-B55A8A485980}.Release|x86.Build.0 = Release|x86
		{2D6C0DC0-2FD0-4C18-9104-4F4689169D88}.Debug|Any CPU.ActiveCfg = Debug|Any CPU
		{2D6C0DC0-2FD0-4C18-9104-4F4689169D88}.Debug|Any CPU.Build.0 = Debug|Any CPU
		{2D6C0DC0-2FD0-4C18-9104-4F4689169D88}.Debug|ARM.ActiveCfg = Debug|Any CPU
		{2D6C0DC0-2FD0-4C18-9104-4F4689169D88}.Debug|ARM.Build.0 = Debug|Any CPU
		{2D6C0DC0-2FD0-4C18-9104-4F4689169D88}.Debug|x64.ActiveCfg = Debug|Any CPU
		{2D6C0DC0-2FD0-4C18-9104-4F4689169D88}.Debug|x64.Build.0 = Debug|Any CPU
		{2D6C0DC0-2FD0-4C18-9104-4F4689169D88}.Debug|x86.ActiveCfg = Debug|Any CPU
		{2D6C0DC0-2FD0-4C18-9104-4F4689169D88}.Debug|x86.Build.0 = Debug|Any CPU
		{2D6C0DC0-2FD0-4C18-9104-4F4689169D88}.Release|Any CPU.ActiveCfg = Release|Any CPU
		{2D6C0DC0-2FD0-4C18-9104-4F4689169D88}.Release|Any CPU.Build.0 = Release|Any CPU
		{2D6C0DC0-2FD0-4C18-9104-4F4689169D88}.Release|ARM.ActiveCfg = Release|Any CPU
		{2D6C0DC0-2FD0-4C18-9104-4F4689169D88}.Release|ARM.Build.0 = Release|Any CPU
		{2D6C0DC0-2FD0-4C18-9104-4F4689169D88}.Release|x64.ActiveCfg = Release|Any CPU
		{2D6C0DC0-2FD0-4C18-9104-4F4689169D88}.Release|x64.Build.0 = Release|Any CPU
		{2D6C0DC0-2FD0-4C18-9104-4F4689169D88}.Release|x86.ActiveCfg = Release|Any CPU
		{2D6C0DC0-2FD0-4C18-9104-4F4689169D88}.Release|x86.Build.0 = Release|Any CPU
		{E911CC6C-8979-4A0C-AADE-3737AB93DDDE}.Debug|Any CPU.ActiveCfg = Debug|Any CPU
		{E911CC6C-8979-4A0C-AADE-3737AB93DDDE}.Debug|Any CPU.Build.0 = Debug|Any CPU
		{E911CC6C-8979-4A0C-AADE-3737AB93DDDE}.Debug|ARM.ActiveCfg = Debug|Any CPU
		{E911CC6C-8979-4A0C-AADE-3737AB93DDDE}.Debug|ARM.Build.0 = Debug|Any CPU
		{E911CC6C-8979-4A0C-AADE-3737AB93DDDE}.Debug|x64.ActiveCfg = Debug|Any CPU
		{E911CC6C-8979-4A0C-AADE-3737AB93DDDE}.Debug|x64.Build.0 = Debug|Any CPU
		{E911CC6C-8979-4A0C-AADE-3737AB93DDDE}.Debug|x86.ActiveCfg = Debug|Any CPU
		{E911CC6C-8979-4A0C-AADE-3737AB93DDDE}.Debug|x86.Build.0 = Debug|Any CPU
		{E911CC6C-8979-4A0C-AADE-3737AB93DDDE}.Release|Any CPU.ActiveCfg = Release|Any CPU
		{E911CC6C-8979-4A0C-AADE-3737AB93DDDE}.Release|Any CPU.Build.0 = Release|Any CPU
		{E911CC6C-8979-4A0C-AADE-3737AB93DDDE}.Release|ARM.ActiveCfg = Release|Any CPU
		{E911CC6C-8979-4A0C-AADE-3737AB93DDDE}.Release|ARM.Build.0 = Release|Any CPU
		{E911CC6C-8979-4A0C-AADE-3737AB93DDDE}.Release|x64.ActiveCfg = Release|Any CPU
		{E911CC6C-8979-4A0C-AADE-3737AB93DDDE}.Release|x64.Build.0 = Release|Any CPU
		{E911CC6C-8979-4A0C-AADE-3737AB93DDDE}.Release|x86.ActiveCfg = Release|Any CPU
		{E911CC6C-8979-4A0C-AADE-3737AB93DDDE}.Release|x86.Build.0 = Release|Any CPU
		{746523AB-F98D-4AC1-A8BB-468CAEB21F74}.Debug|Any CPU.ActiveCfg = Debug|Any CPU
		{746523AB-F98D-4AC1-A8BB-468CAEB21F74}.Debug|Any CPU.Build.0 = Debug|Any CPU
		{746523AB-F98D-4AC1-A8BB-468CAEB21F74}.Debug|ARM.ActiveCfg = Debug|Any CPU
		{746523AB-F98D-4AC1-A8BB-468CAEB21F74}.Debug|ARM.Build.0 = Debug|Any CPU
		{746523AB-F98D-4AC1-A8BB-468CAEB21F74}.Debug|x64.ActiveCfg = Debug|Any CPU
		{746523AB-F98D-4AC1-A8BB-468CAEB21F74}.Debug|x64.Build.0 = Debug|Any CPU
		{746523AB-F98D-4AC1-A8BB-468CAEB21F74}.Debug|x86.ActiveCfg = Debug|Any CPU
		{746523AB-F98D-4AC1-A8BB-468CAEB21F74}.Debug|x86.Build.0 = Debug|Any CPU
		{746523AB-F98D-4AC1-A8BB-468CAEB21F74}.Release|Any CPU.ActiveCfg = Release|Any CPU
		{746523AB-F98D-4AC1-A8BB-468CAEB21F74}.Release|Any CPU.Build.0 = Release|Any CPU
		{746523AB-F98D-4AC1-A8BB-468CAEB21F74}.Release|ARM.ActiveCfg = Release|Any CPU
		{746523AB-F98D-4AC1-A8BB-468CAEB21F74}.Release|ARM.Build.0 = Release|Any CPU
		{746523AB-F98D-4AC1-A8BB-468CAEB21F74}.Release|x64.ActiveCfg = Release|Any CPU
		{746523AB-F98D-4AC1-A8BB-468CAEB21F74}.Release|x64.Build.0 = Release|Any CPU
		{746523AB-F98D-4AC1-A8BB-468CAEB21F74}.Release|x86.ActiveCfg = Release|Any CPU
		{746523AB-F98D-4AC1-A8BB-468CAEB21F74}.Release|x86.Build.0 = Release|Any CPU
	EndGlobalSection
	GlobalSection(SolutionProperties) = preSolution
		HideSolutionNode = FALSE
	EndGlobalSection
EndGlobal
